
Microsoft Visual Studio Solution File, Format Version 12.00
# Visual Studio Version 16
VisualStudioVersion = 16.0.31911.196
MinimumVisualStudioVersion = 10.0.40219.1
Project("{FAE04EC0-301F-11D3-BF4B-00C04F79EFBC}") = "ASSIGNMENTTASK", "ASSIGNMENTTASK.csproj", "{58EB1911-E7D7-4D34-829A-E0ED6B7C6F60}"
EndProject
Global
	GlobalSection(SolutionConfigurationPlatforms) = preSolution
		Debug|Any CPU = Debug|Any CPU
		Release|Any CPU = Release|Any CPU
	EndGlobalSection
	GlobalSection(ProjectConfigurationPlatforms) = postSolution
		{58EB1911-E7D7-4D34-829A-E0ED6B7C6F60}.Debug|Any CPU.ActiveCfg = Debug|Any CPU
		{58EB1911-E7D7-4D34-829A-E0ED6B7C6F60}.Debug|Any CPU.Build.0 = Debug|Any CPU
		{58EB1911-E7D7-4D34-829A-E0ED6B7C6F60}.Release|Any CPU.ActiveCfg = Release|Any CPU
		{58EB1911-E7D7-4D34-829A-E0ED6B7C6F60}.Release|Any CPU.Build.0 = Release|Any CPU
	EndGlobalSection
	GlobalSection(SolutionProperties) = preSolution
		HideSolutionNode = FALSE
	EndGlobalSection
	GlobalSection(ExtensibilityGlobals) = postSolution
		SolutionGuid = {168A8980-FAAF-4610-8F5D-915DCE3EBA14}
	EndGlobalSection
EndGlobal
